%{"distillery": {:hex, :distillery, "1.0.0", "a866a72bf2a3a5f078f5a249017ed951acda88a760d200512f91f585d74db1ec", [:mix], []},
  "fs": {:hex, :fs, "2.12.0", "ad631efacc9a5683c8eaa1b274e24fa64a1b8eb30747e9595b93bec7e492e25e", [:rebar3], []},
  "nerves": {:hex, :nerves, "0.4.4", "6574a710d653c14a37e3383d02419f5a9ad2e65b2de9ad524f4eae2015d8aee6", [:mix], [{:distillery, "~> 1.0.0", [hex: :distillery, optional: false]}]}}
